
Microsoft Visual Studio Solution File, Format Version 12.00
# Visual Studio Version 17
VisualStudioVersion = 17.0.31903.59
MinimumVisualStudioVersion = 10.0.40219.1
Project("{FAE04EC0-301F-11D3-BF4B-00C04F79EFBC}") = "Aidoneus", "Aidoneus\Aidoneus.csproj", "{14D51DC1-CF8F-478B-88EF-10945105CC9B}"
EndProject
Project("{FAE04EC0-301F-11D3-BF4B-00C04F79EFBC}") = "Aidoneus.API", "Aidoneus.API\Aidoneus.API.csproj", "{B3EA3CDB-5639-43C5-9D97-8F9BC8E16F1E}"
EndProject
Project("{FAE04EC0-301F-11D3-BF4B-00C04F79EFBC}") = "Aidoneus.Plugin.Music", "Aidoneus.Plugin.Music\Aidoneus.Plugin.Music.csproj", "{974B14C1-6845-4899-AA77-35E800B0911E}"
EndProject
Global
	GlobalSection(SolutionConfigurationPlatforms) = preSolution
		Debug|Any CPU = Debug|Any CPU
		Release|Any CPU = Release|Any CPU
	EndGlobalSection
	GlobalSection(SolutionProperties) = preSolution
		HideSolutionNode = FALSE
	EndGlobalSection
	GlobalSection(ProjectConfigurationPlatforms) = postSolution
		{14D51DC1-CF8F-478B-88EF-10945105CC9B}.Debug|Any CPU.ActiveCfg = Debug|Any CPU
		{14D51DC1-CF8F-478B-88EF-10945105CC9B}.Debug|Any CPU.Build.0 = Debug|Any CPU
		{14D51DC1-CF8F-478B-88EF-10945105CC9B}.Release|Any CPU.ActiveCfg = Release|Any CPU
		{14D51DC1-CF8F-478B-88EF-10945105CC9B}.Release|Any CPU.Build.0 = Release|Any CPU
		{B3EA3CDB-5639-43C5-9D97-8F9BC8E16F1E}.Debug|Any CPU.ActiveCfg = Debug|Any CPU
		{B3EA3CDB-5639-43C5-9D97-8F9BC8E16F1E}.Debug|Any CPU.Build.0 = Debug|Any CPU
		{B3EA3CDB-5639-43C5-9D97-8F9BC8E16F1E}.Release|Any CPU.ActiveCfg = Release|Any CPU
		{B3EA3CDB-5639-43C5-9D97-8F9BC8E16F1E}.Release|Any CPU.Build.0 = Release|Any CPU
		{974B14C1-6845-4899-AA77-35E800B0911E}.Debug|Any CPU.ActiveCfg = Debug|Any CPU
		{974B14C1-6845-4899-AA77-35E800B0911E}.Debug|Any CPU.Build.0 = Debug|Any CPU
		{974B14C1-6845-4899-AA77-35E800B0911E}.Release|Any CPU.ActiveCfg = Release|Any CPU
		{974B14C1-6845-4899-AA77-35E800B0911E}.Release|Any CPU.Build.0 = Release|Any CPU
	EndGlobalSection
EndGlobal
